
Microsoft Visual Studio Solution File, Format Version 12.00
# Visual Studio Version 17
VisualStudioVersion = 17.0.32014.148
MinimumVisualStudioVersion = 10.0.40219.1
Project("{FAE04EC0-301F-11D3-BF4B-00C04F79EFBC}") = "Programming", "Programming.View\Programming.csproj", "{7D06CEF2-D0CE-44FA-AEBA-C81A4E37F355}"
EndProject
Global
	GlobalSection(SolutionConfigurationPlatforms) = preSolution
		Debug|Any CPU = Debug|Any CPU
		Release|Any CPU = Release|Any CPU
	EndGlobalSection
	GlobalSection(ProjectConfigurationPlatforms) = postSolution
		{7D06CEF2-D0CE-44FA-AEBA-C81A4E37F355}.Debug|Any CPU.ActiveCfg = Debug|Any CPU
		{7D06CEF2-D0CE-44FA-AEBA-C81A4E37F355}.Debug|Any CPU.Build.0 = Debug|Any CPU
		{7D06CEF2-D0CE-44FA-AEBA-C81A4E37F355}.Release|Any CPU.ActiveCfg = Release|Any CPU
		{7D06CEF2-D0CE-44FA-AEBA-C81A4E37F355}.Release|Any CPU.Build.0 = Release|Any CPU
	EndGlobalSection
	GlobalSection(SolutionProperties) = preSolution
		HideSolutionNode = FALSE
	EndGlobalSection
	GlobalSection(ExtensibilityGlobals) = postSolution
		SolutionGuid = {3D0D0403-EE0C-4F6A-B7D3-FAE501468387}
	EndGlobalSection
EndGlobal
